
Microsoft Visual Studio Solution File, Format Version 12.00
# Visual Studio 2013
VisualStudioVersion = 12.0.31101.0
MinimumVisualStudioVersion = 10.0.40219.1
Project("{FAE04EC0-301F-11D3-BF4B-00C04F79EFBC}") = "Updater", "Updater\Updater.csproj", "{4F4E1F23-0C1E-405A-BFF3-704574E0FF69}"
EndProject
Project("{FAE04EC0-301F-11D3-BF4B-00C04F79EFBC}") = "DBUpdater", "DBUpdater\DBUpdater.csproj", "{59BCA464-6CAB-4E69-B6CA-68FE08CEAAC6}"
EndProject
Project("{2150E333-8FDC-42A3-9474-1A3956D46DE8}") = "Scripts", "Scripts", "{0958D8EF-E50E-4BFF-8AE3-1F1ACD2A5915}"
	ProjectSection(SolutionItems) = preProject
		Scripts\!AllMeds.db.xml = Scripts\!AllMeds.db.xml
		Scripts\DbUpdateScript.xsd = Scripts\DbUpdateScript.xsd
		Scripts\HF.db.xml = Scripts\HF.db.xml
		Scripts\TaskHelper.xml = Scripts\TaskHelper.xml
	EndProjectSection
EndProject
Project("{2150E333-8FDC-42A3-9474-1A3956D46DE8}") = "Lib", "Lib", "{97DB5B4D-1727-48CC-85DE-24C0CFCF42C1}"
EndProject
Project("{2150E333-8FDC-42A3-9474-1A3956D46DE8}") = "NLog3.0", "NLog3.0", "{1C085711-A74E-4C2F-96F8-24240D76C16F}"
EndProject
Project("{2150E333-8FDC-42A3-9474-1A3956D46DE8}") = "net45", "net45", "{64E29D15-A571-4AB4-88AB-D26A56C2E871}"
	ProjectSection(SolutionItems) = preProject
		Lib\Nlog3.0\net45\NLog.dll = Lib\Nlog3.0\net45\NLog.dll
		Lib\Nlog3.0\net45\NLog.xml = Lib\Nlog3.0\net45\NLog.xml
	EndProjectSection
EndProject
Project("{FAE04EC0-301F-11D3-BF4B-00C04F79EFBC}") = "LogWrapper", "LogWrapper\LogWrapper.csproj", "{08ADFA85-F74A-495D-88CD-A7B4577D44FA}"
EndProject
Project("{2150E333-8FDC-42A3-9474-1A3956D46DE8}") = "Log4Net-1.2.13", "Log4Net-1.2.13", "{7013AA31-6B80-4D9C-9758-3A0DA2AB9C79}"
EndProject
Project("{2150E333-8FDC-42A3-9474-1A3956D46DE8}") = "4.0", "4.0", "{FA56BDDF-CE4C-4824-A820-EE178018567F}"
	ProjectSection(SolutionItems) = preProject
		Lib\Log4Net-1.2.13\4.0\log4net.dll = Lib\Log4Net-1.2.13\4.0\log4net.dll
		Lib\Log4Net-1.2.13\4.0\log4net.xml = Lib\Log4Net-1.2.13\4.0\log4net.xml
	EndProjectSection
EndProject
Project("{2150E333-8FDC-42A3-9474-1A3956D46DE8}") = "allmeds", "allmeds", "{0AE0A7C1-EDED-43DF-AE8F-789FE389C1B1}"
	ProjectSection(SolutionItems) = preProject
		Scripts\allMeds\test.sql = Scripts\allMeds\test.sql
	EndProjectSection
EndProject
Global
	GlobalSection(SolutionConfigurationPlatforms) = preSolution
		Debug|Any CPU = Debug|Any CPU
		Release|Any CPU = Release|Any CPU
	EndGlobalSection
	GlobalSection(ProjectConfigurationPlatforms) = postSolution
		{4F4E1F23-0C1E-405A-BFF3-704574E0FF69}.Debug|Any CPU.ActiveCfg = Debug|Any CPU
		{4F4E1F23-0C1E-405A-BFF3-704574E0FF69}.Debug|Any CPU.Build.0 = Debug|Any CPU
		{4F4E1F23-0C1E-405A-BFF3-704574E0FF69}.Release|Any CPU.ActiveCfg = Release|Any CPU
		{4F4E1F23-0C1E-405A-BFF3-704574E0FF69}.Release|Any CPU.Build.0 = Release|Any CPU
		{59BCA464-6CAB-4E69-B6CA-68FE08CEAAC6}.Debug|Any CPU.ActiveCfg = Debug|Any CPU
		{59BCA464-6CAB-4E69-B6CA-68FE08CEAAC6}.Debug|Any CPU.Build.0 = Debug|Any CPU
		{59BCA464-6CAB-4E69-B6CA-68FE08CEAAC6}.Release|Any CPU.ActiveCfg = Release|Any CPU
		{59BCA464-6CAB-4E69-B6CA-68FE08CEAAC6}.Release|Any CPU.Build.0 = Release|Any CPU
		{08ADFA85-F74A-495D-88CD-A7B4577D44FA}.Debug|Any CPU.ActiveCfg = Debug|Any CPU
		{08ADFA85-F74A-495D-88CD-A7B4577D44FA}.Debug|Any CPU.Build.0 = Debug|Any CPU
		{08ADFA85-F74A-495D-88CD-A7B4577D44FA}.Release|Any CPU.ActiveCfg = Release|Any CPU
		{08ADFA85-F74A-495D-88CD-A7B4577D44FA}.Release|Any CPU.Build.0 = Release|Any CPU
	EndGlobalSection
	GlobalSection(SolutionProperties) = preSolution
		HideSolutionNode = FALSE
	EndGlobalSection
	GlobalSection(NestedProjects) = preSolution
		{1C085711-A74E-4C2F-96F8-24240D76C16F} = {97DB5B4D-1727-48CC-85DE-24C0CFCF42C1}
		{64E29D15-A571-4AB4-88AB-D26A56C2E871} = {1C085711-A74E-4C2F-96F8-24240D76C16F}
		{7013AA31-6B80-4D9C-9758-3A0DA2AB9C79} = {97DB5B4D-1727-48CC-85DE-24C0CFCF42C1}
		{FA56BDDF-CE4C-4824-A820-EE178018567F} = {7013AA31-6B80-4D9C-9758-3A0DA2AB9C79}
		{0AE0A7C1-EDED-43DF-AE8F-789FE389C1B1} = {0958D8EF-E50E-4BFF-8AE3-1F1ACD2A5915}
	EndGlobalSection
EndGlobal
